
Microsoft Visual Studio Solution File, Format Version 12.00
Project("{FAE04EC0-301F-11D3-BF4B-00C04F79EFBC}") = "HelixPlayground", "HelixPlayground\HelixPlayground.csproj", "{9341B39B-723C-41DF-8C51-1ED7AF148182}"
EndProject
Global
	GlobalSection(SolutionConfigurationPlatforms) = preSolution
		Debug|Any CPU = Debug|Any CPU
		Release|Any CPU = Release|Any CPU
	EndGlobalSection
	GlobalSection(ProjectConfigurationPlatforms) = postSolution
		{9341B39B-723C-41DF-8C51-1ED7AF148182}.Debug|Any CPU.ActiveCfg = Debug|Any CPU
		{9341B39B-723C-41DF-8C51-1ED7AF148182}.Debug|Any CPU.Build.0 = Debug|Any CPU
		{9341B39B-723C-41DF-8C51-1ED7AF148182}.Release|Any CPU.ActiveCfg = Release|Any CPU
		{9341B39B-723C-41DF-8C51-1ED7AF148182}.Release|Any CPU.Build.0 = Release|Any CPU
	EndGlobalSection
EndGlobal
